// !$*UTF8*$!
{
	archiveVersion = 1;
	classes = {
	};
	objectVersion = 46;
	objects = {

/* Begin PBXBuildFile section */
		B946B0DA1AB4A10100D0A599 /* AppDelegate.swift in Sources */ = {isa = PBXBuildFile; fileRef = B946B0D21AB4A10100D0A599 /* AppDelegate.swift */; };
		B946B0DB1AB4A10100D0A599 /* ViewController.swift in Sources */ = {isa = PBXBuildFile; fileRef = B946B0D41AB4A10100D0A599 /* ViewController.swift */; };
		B946B0DC1AB4A10100D0A599 /* LaunchScreen.xib in Resources */ = {isa = PBXBuildFile; fileRef = B946B0D61AB4A10100D0A599 /* LaunchScreen.xib */; };
		B946B0DD1AB4A10100D0A599 /* Images.xcassets in Resources */ = {isa = PBXBuildFile; fileRef = B946B0D81AB4A10100D0A599 /* Images.xcassets */; };
		B946B0E41AB4A10B00D0A599 /* AgeTests.swift in Sources */ = {isa = PBXBuildFile; fileRef = B946B0E11AB4A10B00D0A599 /* AgeTests.swift */; };
/* End PBXBuildFile section */

/* Begin PBXContainerItemProxy section */
		B946B0C01AB4A01300D0A599 /* PBXContainerItemProxy */ = {
			isa = PBXContainerItemProxy;
			containerPortal = B946B0A21AB4A01300D0A599 /* Project object */;
			proxyType = 1;
			remoteGlobalIDString = B946B0A91AB4A01300D0A599;
			remoteInfo = Age;
		};
/* End PBXContainerItemProxy section */

/* Begin PBXFileReference section */
		B946B0AA1AB4A01300D0A599 /* Age.app */ = {isa = PBXFileReference; explicitFileType = wrapper.application; includeInIndex = 0; path = Age.app; sourceTree = BUILT_PRODUCTS_DIR; };
		B946B0BF1AB4A01300D0A599 /* AgeTests.xctest */ = {isa = PBXFileReference; explicitFileType = wrapper.cfbundle; includeInIndex = 0; path = AgeTests.xctest; sourceTree = BUILT_PRODUCTS_DIR; };
		B946B0D21AB4A10100D0A599 /* AppDelegate.swift */ = {isa = PBXFileReference; fileEncoding = 4; lastKnownFileType = sourcecode.swift; path = AppDelegate.swift; sourceTree = "<group>"; };
		B946B0D41AB4A10100D0A599 /* ViewController.swift */ = {isa = PBXFileReference; fileEncoding = 4; lastKnownFileType = sourcecode.swift; path = ViewController.swift; sourceTree = "<group>"; };
		B946B0D71AB4A10100D0A599 /* Base */ = {isa = PBXFileReference; lastKnownFileType = file.xib; name = Base; path = Base.lproj/LaunchScreen.xib; sourceTree = "<group>"; };
		B946B0D81AB4A10100D0A599 /* Images.xcassets */ = {isa = PBXFileReference; lastKnownFileType = folder.assetcatalog; path = Images.xcassets; sourceTree = "<group>"; };
		B946B0D91AB4A10100D0A599 /* Info.plist */ = {isa = PBXFileReference; fileEncoding = 4; lastKnownFileType = text.plist.xml; path = Info.plist; sourceTree = "<group>"; };
		B946B0E11AB4A10B00D0A599 /* AgeTests.swift */ = {isa = PBXFileReference; fileEncoding = 4; lastKnownFileType = sourcecode.swift; path = AgeTests.swift; sourceTree = "<group>"; };
		B946B0E31AB4A10B00D0A599 /* Info.plist */ = {isa = PBXFileReference; fileEncoding = 4; lastKnownFileType = text.plist.xml; path = Info.plist; sourceTree = "<group>"; };
		B946B0E81AB4A33D00D0A599 /* Common.xcconfig */ = {isa = PBXFileReference; lastKnownFileType = text.xcconfig; path = Common.xcconfig; sourceTree = "<group>"; };
		B946B0EA1AB4A33D00D0A599 /* Debug.xcconfig */ = {isa = PBXFileReference; lastKnownFileType = text.xcconfig; path = Debug.xcconfig; sourceTree = "<group>"; };
		B946B0EB1AB4A33D00D0A599 /* Profile.xcconfig */ = {isa = PBXFileReference; lastKnownFileType = text.xcconfig; path = Profile.xcconfig; sourceTree = "<group>"; };
		B946B0EC1AB4A33D00D0A599 /* Release.xcconfig */ = {isa = PBXFileReference; lastKnownFileType = text.xcconfig; path = Release.xcconfig; sourceTree = "<group>"; };
		B946B0ED1AB4A33D00D0A599 /* Test.xcconfig */ = {isa = PBXFileReference; lastKnownFileType = text.xcconfig; path = Test.xcconfig; sourceTree = "<group>"; };
		B946B0EF1AB4A33D00D0A599 /* Application.xcconfig */ = {isa = PBXFileReference; lastKnownFileType = text.xcconfig; path = Application.xcconfig; sourceTree = "<group>"; };
		B946B0F01AB4A33D00D0A599 /* Framework.xcconfig */ = {isa = PBXFileReference; lastKnownFileType = text.xcconfig; path = Framework.xcconfig; sourceTree = "<group>"; };
		B946B0F11AB4A33D00D0A599 /* StaticLibrary.xcconfig */ = {isa = PBXFileReference; lastKnownFileType = text.xcconfig; path = StaticLibrary.xcconfig; sourceTree = "<group>"; };
		B946B0F51AB4A33D00D0A599 /* iOS-Application.xcconfig */ = {isa = PBXFileReference; lastKnownFileType = text.xcconfig; path = "iOS-Application.xcconfig"; sourceTree = "<group>"; };
		B946B0F61AB4A33D00D0A599 /* iOS-Base.xcconfig */ = {isa = PBXFileReference; lastKnownFileType = text.xcconfig; path = "iOS-Base.xcconfig"; sourceTree = "<group>"; };
		B946B0F71AB4A33D00D0A599 /* iOS-Framework.xcconfig */ = {isa = PBXFileReference; lastKnownFileType = text.xcconfig; path = "iOS-Framework.xcconfig"; sourceTree = "<group>"; };
		B946B0F81AB4A33D00D0A599 /* iOS-StaticLibrary.xcconfig */ = {isa = PBXFileReference; lastKnownFileType = text.xcconfig; path = "iOS-StaticLibrary.xcconfig"; sourceTree = "<group>"; };
		B946B0FA1AB4A33D00D0A599 /* Mac-Application.xcconfig */ = {isa = PBXFileReference; lastKnownFileType = text.xcconfig; path = "Mac-Application.xcconfig"; sourceTree = "<group>"; };
		B946B0FB1AB4A33D00D0A599 /* Mac-Base.xcconfig */ = {isa = PBXFileReference; lastKnownFileType = text.xcconfig; path = "Mac-Base.xcconfig"; sourceTree = "<group>"; };
		B946B0FC1AB4A33D00D0A599 /* Mac-DynamicLibrary.xcconfig */ = {isa = PBXFileReference; lastKnownFileType = text.xcconfig; path = "Mac-DynamicLibrary.xcconfig"; sourceTree = "<group>"; };
		B946B0FD1AB4A33D00D0A599 /* Mac-Framework.xcconfig */ = {isa = PBXFileReference; lastKnownFileType = text.xcconfig; path = "Mac-Framework.xcconfig"; sourceTree = "<group>"; };
		B946B0FE1AB4A33D00D0A599 /* Mac-StaticLibrary.xcconfig */ = {isa = PBXFileReference; lastKnownFileType = text.xcconfig; path = "Mac-StaticLibrary.xcconfig"; sourceTree = "<group>"; };
		B946B0FF1AB4A33D00D0A599 /* README.md */ = {isa = PBXFileReference; lastKnownFileType = net.daringfireball.markdown; path = README.md; sourceTree = "<group>"; };
/* End PBXFileReference section */

/* Begin PBXFrameworksBuildPhase section */
		B946B0A71AB4A01300D0A599 /* Frameworks */ = {
			isa = PBXFrameworksBuildPhase;
			buildActionMask = 2147483647;
			files = (
			);
			runOnlyForDeploymentPostprocessing = 0;
		};
		B946B0BC1AB4A01300D0A599 /* Frameworks */ = {
			isa = PBXFrameworksBuildPhase;
			buildActionMask = 2147483647;
			files = (
			);
			runOnlyForDeploymentPostprocessing = 0;
		};
/* End PBXFrameworksBuildPhase section */

/* Begin PBXGroup section */
		B946B0A11AB4A01300D0A599 = {
			isa = PBXGroup;
			children = (
				B946B0CF1AB4A10100D0A599 /* Age */,
				B946B0DF1AB4A10B00D0A599 /* AgeTests */,
				B946B0E61AB4A33D00D0A599 /* Configurations */,
				B946B0AB1AB4A01300D0A599 /* Products */,
			);
			sourceTree = "<group>";
		};
		B946B0AB1AB4A01300D0A599 /* Products */ = {
			isa = PBXGroup;
			children = (
				B946B0AA1AB4A01300D0A599 /* Age.app */,
				B946B0BF1AB4A01300D0A599 /* AgeTests.xctest */,
			);
			name = Products;
			sourceTree = "<group>";
		};
		B946B0CF1AB4A10100D0A599 /* Age */ = {
			isa = PBXGroup;
			children = (
				B946B0D01AB4A10100D0A599 /* Classes */,
				B946B0D51AB4A10100D0A599 /* Resources */,
			);
			path = Age;
			sourceTree = "<group>";
		};
		B946B0D01AB4A10100D0A599 /* Classes */ = {
			isa = PBXGroup;
			children = (
				B946B0D11AB4A10100D0A599 /* Application */,
				B946B0D31AB4A10100D0A599 /* View Controllers */,
			);
			path = Classes;
			sourceTree = "<group>";
		};
		B946B0D11AB4A10100D0A599 /* Application */ = {
			isa = PBXGroup;
			children = (
				B946B0D21AB4A10100D0A599 /* AppDelegate.swift */,
			);
			path = Application;
			sourceTree = "<group>";
		};
		B946B0D31AB4A10100D0A599 /* View Controllers */ = {
			isa = PBXGroup;
			children = (
				B946B0D41AB4A10100D0A599 /* ViewController.swift */,
			);
			path = "View Controllers";
			sourceTree = "<group>";
		};
		B946B0D51AB4A10100D0A599 /* Resources */ = {
			isa = PBXGroup;
			children = (
				B946B0D61AB4A10100D0A599 /* LaunchScreen.xib */,
				B946B0D81AB4A10100D0A599 /* Images.xcassets */,
				B946B0D91AB4A10100D0A599 /* Info.plist */,
			);
			path = Resources;
			sourceTree = "<group>";
		};
		B946B0DF1AB4A10B00D0A599 /* AgeTests */ = {
			isa = PBXGroup;
			children = (
				B946B0E01AB4A10B00D0A599 /* Classes */,
				B946B0E21AB4A10B00D0A599 /* Resources */,
			);
			path = AgeTests;
			sourceTree = "<group>";
		};
		B946B0E01AB4A10B00D0A599 /* Classes */ = {
			isa = PBXGroup;
			children = (
				B946B0E11AB4A10B00D0A599 /* AgeTests.swift */,
			);
			path = Classes;
			sourceTree = "<group>";
		};
		B946B0E21AB4A10B00D0A599 /* Resources */ = {
			isa = PBXGroup;
			children = (
				B946B0E31AB4A10B00D0A599 /* Info.plist */,
			);
			path = Resources;
			sourceTree = "<group>";
		};
		B946B0E61AB4A33D00D0A599 /* Configurations */ = {
			isa = PBXGroup;
			children = (
				B946B0E71AB4A33D00D0A599 /* Base */,
				B946B0F21AB4A33D00D0A599 /* Carthage */,
				B946B0F41AB4A33D00D0A599 /* iOS */,
				B946B0F91AB4A33D00D0A599 /* Mac OS X */,
				B946B0FF1AB4A33D00D0A599 /* README.md */,
			);
			name = Configurations;
			path = Carthage/Checkouts/xcconfigs;
			sourceTree = "<group>";
		};
		B946B0E71AB4A33D00D0A599 /* Base */ = {
			isa = PBXGroup;
			children = (
				B946B0E81AB4A33D00D0A599 /* Common.xcconfig */,
				B946B0E91AB4A33D00D0A599 /* Configurations */,
				B946B0EE1AB4A33D00D0A599 /* Targets */,
			);
			path = Base;
			sourceTree = "<group>";
		};
		B946B0E91AB4A33D00D0A599 /* Configurations */ = {
			isa = PBXGroup;
			children = (
				B946B0EA1AB4A33D00D0A599 /* Debug.xcconfig */,
				B946B0EB1AB4A33D00D0A599 /* Profile.xcconfig */,
				B946B0EC1AB4A33D00D0A599 /* Release.xcconfig */,
				B946B0ED1AB4A33D00D0A599 /* Test.xcconfig */,
			);
			path = Configurations;
			sourceTree = "<group>";
		};
		B946B0EE1AB4A33D00D0A599 /* Targets */ = {
			isa = PBXGroup;
			children = (
				B946B0EF1AB4A33D00D0A599 /* Application.xcconfig */,
				B946B0F01AB4A33D00D0A599 /* Framework.xcconfig */,
				B946B0F11AB4A33D00D0A599 /* StaticLibrary.xcconfig */,
			);
			path = Targets;
			sourceTree = "<group>";
		};
		B946B0F21AB4A33D00D0A599 /* Carthage */ = {
			isa = PBXGroup;
			children = (
				B946B0F31AB4A33D00D0A599 /* Build */,
			);
			path = Carthage;
			sourceTree = "<group>";
		};
		B946B0F31AB4A33D00D0A599 /* Build */ = {
			isa = PBXGroup;
			children = (
			);
			path = Build;
			sourceTree = "<group>";
		};
		B946B0F41AB4A33D00D0A599 /* iOS */ = {
			isa = PBXGroup;
			children = (
				B946B0F51AB4A33D00D0A599 /* iOS-Application.xcconfig */,
				B946B0F61AB4A33D00D0A599 /* iOS-Base.xcconfig */,
				B946B0F71AB4A33D00D0A599 /* iOS-Framework.xcconfig */,
				B946B0F81AB4A33D00D0A599 /* iOS-StaticLibrary.xcconfig */,
			);
			path = iOS;
			sourceTree = "<group>";
		};
		B946B0F91AB4A33D00D0A599 /* Mac OS X */ = {
			isa = PBXGroup;
			children = (
				B946B0FA1AB4A33D00D0A599 /* Mac-Application.xcconfig */,
				B946B0FB1AB4A33D00D0A599 /* Mac-Base.xcconfig */,
				B946B0FC1AB4A33D00D0A599 /* Mac-DynamicLibrary.xcconfig */,
				B946B0FD1AB4A33D00D0A599 /* Mac-Framework.xcconfig */,
				B946B0FE1AB4A33D00D0A599 /* Mac-StaticLibrary.xcconfig */,
			);
			path = "Mac OS X";
			sourceTree = "<group>";
		};
/* End PBXGroup section */

/* Begin PBXNativeTarget section */
		B946B0A91AB4A01300D0A599 /* Age */ = {
			isa = PBXNativeTarget;
			buildConfigurationList = B946B0C91AB4A01300D0A599 /* Build configuration list for PBXNativeTarget "Age" */;
			buildPhases = (
				B946B0A61AB4A01300D0A599 /* Sources */,
				B946B0A71AB4A01300D0A599 /* Frameworks */,
				B946B0A81AB4A01300D0A599 /* Resources */,
			);
			buildRules = (
			);
			dependencies = (
			);
			name = Age;
			productName = Age;
			productReference = B946B0AA1AB4A01300D0A599 /* Age.app */;
			productType = "com.apple.product-type.application";
		};
		B946B0BE1AB4A01300D0A599 /* AgeTests */ = {
			isa = PBXNativeTarget;
			buildConfigurationList = B946B0CC1AB4A01300D0A599 /* Build configuration list for PBXNativeTarget "AgeTests" */;
			buildPhases = (
				B946B0BB1AB4A01300D0A599 /* Sources */,
				B946B0BC1AB4A01300D0A599 /* Frameworks */,
				B946B0BD1AB4A01300D0A599 /* Resources */,
			);
			buildRules = (
			);
			dependencies = (
				B946B0C11AB4A01300D0A599 /* PBXTargetDependency */,
			);
			name = AgeTests;
			productName = AgeTests;
			productReference = B946B0BF1AB4A01300D0A599 /* AgeTests.xctest */;
			productType = "com.apple.product-type.bundle.unit-test";
		};
/* End PBXNativeTarget section */

/* Begin PBXProject section */
		B946B0A21AB4A01300D0A599 /* Project object */ = {
			isa = PBXProject;
			attributes = {
				LastUpgradeCheck = 0630;
				ORGANIZATIONNAME = "Julian Grosshauser";
				TargetAttributes = {
					B946B0A91AB4A01300D0A599 = {
						CreatedOnToolsVersion = 6.3;
					};
					B946B0BE1AB4A01300D0A599 = {
						CreatedOnToolsVersion = 6.3;
						TestTargetID = B946B0A91AB4A01300D0A599;
					};
				};
			};
			buildConfigurationList = B946B0A51AB4A01300D0A599 /* Build configuration list for PBXProject "Age" */;
			compatibilityVersion = "Xcode 3.2";
			developmentRegion = English;
			hasScannedForEncodings = 0;
			knownRegions = (
				en,
				Base,
			);
			mainGroup = B946B0A11AB4A01300D0A599;
			productRefGroup = B946B0AB1AB4A01300D0A599 /* Products */;
			projectDirPath = "";
			projectRoot = "";
			targets = (
				B946B0A91AB4A01300D0A599 /* Age */,
				B946B0BE1AB4A01300D0A599 /* AgeTests */,
			);
		};
/* End PBXProject section */

/* Begin PBXResourcesBuildPhase section */
		B946B0A81AB4A01300D0A599 /* Resources */ = {
			isa = PBXResourcesBuildPhase;
			buildActionMask = 2147483647;
			files = (
				B946B0DC1AB4A10100D0A599 /* LaunchScreen.xib in Resources */,
				B946B0DD1AB4A10100D0A599 /* Images.xcassets in Resources */,
			);
			runOnlyForDeploymentPostprocessing = 0;
		};
		B946B0BD1AB4A01300D0A599 /* Resources */ = {
			isa = PBXResourcesBuildPhase;
			buildActionMask = 2147483647;
			files = (
			);
			runOnlyForDeploymentPostprocessing = 0;
		};
/* End PBXResourcesBuildPhase section */

/* Begin PBXSourcesBuildPhase section */
		B946B0A61AB4A01300D0A599 /* Sources */ = {
			isa = PBXSourcesBuildPhase;
			buildActionMask = 2147483647;
			files = (
				B946B0DB1AB4A10100D0A599 /* ViewController.swift in Sources */,
				B946B0DA1AB4A10100D0A599 /* AppDelegate.swift in Sources */,
			);
			runOnlyForDeploymentPostprocessing = 0;
		};
		B946B0BB1AB4A01300D0A599 /* Sources */ = {
			isa = PBXSourcesBuildPhase;
			buildActionMask = 2147483647;
			files = (
				B946B0E41AB4A10B00D0A599 /* AgeTests.swift in Sources */,
			);
			runOnlyForDeploymentPostprocessing = 0;
		};
/* End PBXSourcesBuildPhase section */

/* Begin PBXTargetDependency section */
		B946B0C11AB4A01300D0A599 /* PBXTargetDependency */ = {
			isa = PBXTargetDependency;
			target = B946B0A91AB4A01300D0A599 /* Age */;
			targetProxy = B946B0C01AB4A01300D0A599 /* PBXContainerItemProxy */;
		};
/* End PBXTargetDependency section */

/* Begin PBXVariantGroup section */
		B946B0D61AB4A10100D0A599 /* LaunchScreen.xib */ = {
			isa = PBXVariantGroup;
			children = (
				B946B0D71AB4A10100D0A599 /* Base */,
			);
			name = LaunchScreen.xib;
			sourceTree = "<group>";
		};
/* End PBXVariantGroup section */

/* Begin XCBuildConfiguration section */
		B946B0C71AB4A01300D0A599 /* Debug */ = {
			isa = XCBuildConfiguration;
			baseConfigurationReference = B946B0EA1AB4A33D00D0A599 /* Debug.xcconfig */;
			buildSettings = {
				ALWAYS_SEARCH_USER_PATHS = NO;
				CLANG_CXX_LANGUAGE_STANDARD = "gnu++0x";
				CLANG_CXX_LIBRARY = "libc++";
				CLANG_ENABLE_MODULES = YES;
				CLANG_ENABLE_OBJC_ARC = YES;
				CLANG_WARN_BOOL_CONVERSION = YES;
				CLANG_WARN_CONSTANT_CONVERSION = YES;
				CLANG_WARN_DIRECT_OBJC_ISA_USAGE = YES_ERROR;
				CLANG_WARN_EMPTY_BODY = YES;
				CLANG_WARN_ENUM_CONVERSION = YES;
				CLANG_WARN_INT_CONVERSION = YES;
				CLANG_WARN_OBJC_ROOT_CLASS = YES_ERROR;
				CLANG_WARN_UNREACHABLE_CODE = YES;
				CLANG_WARN__DUPLICATE_METHOD_MATCH = YES;
				"CODE_SIGN_IDENTITY[sdk=iphoneos*]" = "iPhone Developer";
				COPY_PHASE_STRIP = NO;
				DEBUG_INFORMATION_FORMAT = dwarf;
				ENABLE_STRICT_OBJC_MSGSEND = YES;
				GCC_C_LANGUAGE_STANDARD = gnu99;
				GCC_DYNAMIC_NO_PIC = NO;
				GCC_NO_COMMON_BLOCKS = YES;
				GCC_OPTIMIZATION_LEVEL = 0;
				GCC_PREPROCESSOR_DEFINITIONS = (
					"DEBUG=1",
					"$(inherited)",
				);
				GCC_SYMBOLS_PRIVATE_EXTERN = NO;
				GCC_WARN_64_TO_32_BIT_CONVERSION = YES;
				GCC_WARN_ABOUT_RETURN_TYPE = YES_ERROR;
				GCC_WARN_UNDECLARED_SELECTOR = YES;
				GCC_WARN_UNINITIALIZED_AUTOS = YES_AGGRESSIVE;
				GCC_WARN_UNUSED_FUNCTION = YES;
				GCC_WARN_UNUSED_VARIABLE = YES;
				IPHONEOS_DEPLOYMENT_TARGET = 8.3;
				MTL_ENABLE_DEBUG_INFO = YES;
				ONLY_ACTIVE_ARCH = YES;
				SDKROOT = iphoneos;
				SWIFT_OPTIMIZATION_LEVEL = "-Onone";
				TARGETED_DEVICE_FAMILY = "1,2";
			};
			name = Debug;
		};
		B946B0C81AB4A01300D0A599 /* Release */ = {
			isa = XCBuildConfiguration;
			baseConfigurationReference = B946B0EC1AB4A33D00D0A599 /* Release.xcconfig */;
			buildSettings = {
				ALWAYS_SEARCH_USER_PATHS = NO;
				CLANG_CXX_LANGUAGE_STANDARD = "gnu++0x";
				CLANG_CXX_LIBRARY = "libc++";
				CLANG_ENABLE_MODULES = YES;
				CLANG_ENABLE_OBJC_ARC = YES;
				CLANG_WARN_BOOL_CONVERSION = YES;
				CLANG_WARN_CONSTANT_CONVERSION = YES;
				CLANG_WARN_DIRECT_OBJC_ISA_USAGE = YES_ERROR;
				CLANG_WARN_EMPTY_BODY = YES;
				CLANG_WARN_ENUM_CONVERSION = YES;
				CLANG_WARN_INT_CONVERSION = YES;
				CLANG_WARN_OBJC_ROOT_CLASS = YES_ERROR;
				CLANG_WARN_UNREACHABLE_CODE = YES;
				CLANG_WARN__DUPLICATE_METHOD_MATCH = YES;
				"CODE_SIGN_IDENTITY[sdk=iphoneos*]" = "iPhone Developer";
				COPY_PHASE_STRIP = NO;
				DEBUG_INFORMATION_FORMAT = "dwarf-with-dsym";
				ENABLE_NS_ASSERTIONS = NO;
				ENABLE_STRICT_OBJC_MSGSEND = YES;
				GCC_C_LANGUAGE_STANDARD = gnu99;
				GCC_NO_COMMON_BLOCKS = YES;
				GCC_WARN_64_TO_32_BIT_CONVERSION = YES;
				GCC_WARN_ABOUT_RETURN_TYPE = YES_ERROR;
				GCC_WARN_UNDECLARED_SELECTOR = YES;
				GCC_WARN_UNINITIALIZED_AUTOS = YES_AGGRESSIVE;
				GCC_WARN_UNUSED_FUNCTION = YES;
				GCC_WARN_UNUSED_VARIABLE = YES;
				IPHONEOS_DEPLOYMENT_TARGET = 8.3;
				MTL_ENABLE_DEBUG_INFO = NO;
				SDKROOT = iphoneos;
				TARGETED_DEVICE_FAMILY = "1,2";
				VALIDATE_PRODUCT = YES;
			};
			name = Release;
		};
		B946B0CA1AB4A01300D0A599 /* Debug */ = {
			isa = XCBuildConfiguration;
			baseConfigurationReference = B946B0F51AB4A33D00D0A599 /* iOS-Application.xcconfig */;
			buildSettings = {
				ASSETCATALOG_COMPILER_APPICON_NAME = AppIcon;
				INFOPLIST_FILE = Age/Resources/Info.plist;
				LD_RUNPATH_SEARCH_PATHS = "$(inherited) @executable_path/Frameworks";
				PRODUCT_NAME = "$(TARGET_NAME)";
			};
			name = Debug;
		};
		B946B0CB1AB4A01300D0A599 /* Release */ = {
			isa = XCBuildConfiguration;
			baseConfigurationReference = B946B0F51AB4A33D00D0A599 /* iOS-Application.xcconfig */;
			buildSettings = {
				ASSETCATALOG_COMPILER_APPICON_NAME = AppIcon;
				INFOPLIST_FILE = Age/Resources/Info.plist;
				LD_RUNPATH_SEARCH_PATHS = "$(inherited) @executable_path/Frameworks";
				PRODUCT_NAME = "$(TARGET_NAME)";
			};
			name = Release;
		};
		B946B0CD1AB4A01300D0A599 /* Debug */ = {
			isa = XCBuildConfiguration;
			baseConfigurationReference = B946B0F61AB4A33D00D0A599 /* iOS-Base.xcconfig */;
			buildSettings = {
				BUNDLE_LOADER = "$(TEST_HOST)";
				FRAMEWORK_SEARCH_PATHS = (
					"$(SDKROOT)/Developer/Library/Frameworks",
					"$(inherited)",
				);
				GCC_PREPROCESSOR_DEFINITIONS = (
					"DEBUG=1",
					"$(inherited)",
				);
				INFOPLIST_FILE = AgeTests/Resources/Info.plist;
				LD_RUNPATH_SEARCH_PATHS = "$(inherited) @executable_path/Frameworks @loader_path/Frameworks";
				PRODUCT_NAME = "$(TARGET_NAME)";
				TEST_HOST = "$(BUILT_PRODUCTS_DIR)/Age.app/Age";
			};
			name = Debug;
		};
		B946B0CE1AB4A01300D0A599 /* Release */ = {
			isa = XCBuildConfiguration;
			baseConfigurationReference = B946B0F61AB4A33D00D0A599 /* iOS-Base.xcconfig */;
			buildSettings = {
				BUNDLE_LOADER = "$(TEST_HOST)";
				FRAMEWORK_SEARCH_PATHS = (
					"$(SDKROOT)/Developer/Library/Frameworks",
					"$(inherited)",
				);
				INFOPLIST_FILE = AgeTests/Resources/Info.plist;
				LD_RUNPATH_SEARCH_PATHS = "$(inherited) @executable_path/Frameworks @loader_path/Frameworks";
				PRODUCT_NAME = "$(TARGET_NAME)";
				TEST_HOST = "$(BUILT_PRODUCTS_DIR)/Age.app/Age";
			};
			name = Release;
		};
/* End XCBuildConfiguration section */

/* Begin XCConfigurationList section */
		B946B0A51AB4A01300D0A599 /* Build configuration list for PBXProject "Age" */ = {
			isa = XCConfigurationList;
			buildConfigurations = (
				B946B0C71AB4A01300D0A599 /* Debug */,
				B946B0C81AB4A01300D0A599 /* Release */,
			);
			defaultConfigurationIsVisible = 0;
			defaultConfigurationName = Release;
		};
		B946B0C91AB4A01300D0A599 /* Build configuration list for PBXNativeTarget "Age" */ = {
			isa = XCConfigurationList;
			buildConfigurations = (
				B946B0CA1AB4A01300D0A599 /* Debug */,
				B946B0CB1AB4A01300D0A599 /* Release */,
			);
			defaultConfigurationIsVisible = 0;
		};
		B946B0CC1AB4A01300D0A599 /* Build configuration list for PBXNativeTarget "AgeTests" */ = {
			isa = XCConfigurationList;
			buildConfigurations = (
				B946B0CD1AB4A01300D0A599 /* Debug */,
				B946B0CE1AB4A01300D0A599 /* Release */,
			);
			defaultConfigurationIsVisible = 0;
		};
/* End XCConfigurationList section */
	};
	rootObject = B946B0A21AB4A01300D0A599 /* Project object */;
}
