// !$*UTF8*$!
{
	archiveVersion = 1;
	classes = {
	};
	objectVersion = 46;
	objects = {

/* Begin PBXBuildFile section */
		7449D66262990B4AB9C861CF /* Pods_AgeTests.framework in Frameworks */ = {isa = PBXBuildFile; fileRef = 5988AFF4CBA606F3CD78F3C8 /* Pods_AgeTests.framework */; settings = {ATTRIBUTES = (Weak, ); }; };
		B946B0DA1AB4A10100D0A599 /* AppDelegate.swift in Sources */ = {isa = PBXBuildFile; fileRef = B946B0D21AB4A10100D0A599 /* AppDelegate.swift */; };
		B946B0DB1AB4A10100D0A599 /* AgeViewController.swift in Sources */ = {isa = PBXBuildFile; fileRef = B946B0D41AB4A10100D0A599 /* AgeViewController.swift */; };
		B946B0DC1AB4A10100D0A599 /* LaunchScreen.xib in Resources */ = {isa = PBXBuildFile; fileRef = B946B0D61AB4A10100D0A599 /* LaunchScreen.xib */; };
		B946B0DD1AB4A10100D0A599 /* Images.xcassets in Resources */ = {isa = PBXBuildFile; fileRef = B946B0D81AB4A10100D0A599 /* Images.xcassets */; };
		B946B0E41AB4A10B00D0A599 /* AgeViewModelSpec.swift in Sources */ = {isa = PBXBuildFile; fileRef = B946B0E11AB4A10B00D0A599 /* AgeViewModelSpec.swift */; };
		B946B1011AB4A94F00D0A599 /* BirthdayViewController.swift in Sources */ = {isa = PBXBuildFile; fileRef = B946B1001AB4A94F00D0A599 /* BirthdayViewController.swift */; };
		B9A7FD081AD7241800F59607 /* BirthdayViewModel.swift in Sources */ = {isa = PBXBuildFile; fileRef = B9A7FD071AD7241800F59607 /* BirthdayViewModel.swift */; };
		B9A7FD0A1AD7282300F59607 /* BirthdayViewModelSpec.swift in Sources */ = {isa = PBXBuildFile; fileRef = B9A7FD091AD7282300F59607 /* BirthdayViewModelSpec.swift */; };
		B9B827891AD476BE0083974B /* AgeViewModel.swift in Sources */ = {isa = PBXBuildFile; fileRef = B9B827881AD476BE0083974B /* AgeViewModel.swift */; };
		B9C7ED3D1AB7818700A78482 /* BirthdayView.swift in Sources */ = {isa = PBXBuildFile; fileRef = B9C7ED3C1AB7818700A78482 /* BirthdayView.swift */; };
/* End PBXBuildFile section */

/* Begin PBXContainerItemProxy section */
		B946B0C01AB4A01300D0A599 /* PBXContainerItemProxy */ = {
			isa = PBXContainerItemProxy;
			containerPortal = B946B0A21AB4A01300D0A599 /* Project object */;
			proxyType = 1;
			remoteGlobalIDString = B946B0A91AB4A01300D0A599;
			remoteInfo = Age;
		};
/* End PBXContainerItemProxy section */

/* Begin PBXFileReference section */
		136B38BCFA6E57D6C6C29274 /* Pods-AgeTests.release.xcconfig */ = {isa = PBXFileReference; includeInIndex = 1; lastKnownFileType = text.xcconfig; name = "Pods-AgeTests.release.xcconfig"; path = "Pods/Target Support Files/Pods-AgeTests/Pods-AgeTests.release.xcconfig"; sourceTree = "<group>"; };
		5988AFF4CBA606F3CD78F3C8 /* Pods_AgeTests.framework */ = {isa = PBXFileReference; explicitFileType = wrapper.framework; includeInIndex = 0; path = Pods_AgeTests.framework; sourceTree = BUILT_PRODUCTS_DIR; };
		75BA41C716111D3837EB2254 /* Pods-AgeTests.debug.xcconfig */ = {isa = PBXFileReference; includeInIndex = 1; lastKnownFileType = text.xcconfig; name = "Pods-AgeTests.debug.xcconfig"; path = "Pods/Target Support Files/Pods-AgeTests/Pods-AgeTests.debug.xcconfig"; sourceTree = "<group>"; };
		B946B0AA1AB4A01300D0A599 /* Age.app */ = {isa = PBXFileReference; explicitFileType = wrapper.application; includeInIndex = 0; path = Age.app; sourceTree = BUILT_PRODUCTS_DIR; };
		B946B0BF1AB4A01300D0A599 /* AgeTests.xctest */ = {isa = PBXFileReference; explicitFileType = wrapper.cfbundle; includeInIndex = 0; path = AgeTests.xctest; sourceTree = BUILT_PRODUCTS_DIR; };
		B946B0D21AB4A10100D0A599 /* AppDelegate.swift */ = {isa = PBXFileReference; fileEncoding = 4; lastKnownFileType = sourcecode.swift; path = AppDelegate.swift; sourceTree = "<group>"; };
		B946B0D41AB4A10100D0A599 /* AgeViewController.swift */ = {isa = PBXFileReference; fileEncoding = 4; lastKnownFileType = sourcecode.swift; path = AgeViewController.swift; sourceTree = "<group>"; };
		B946B0D71AB4A10100D0A599 /* Base */ = {isa = PBXFileReference; lastKnownFileType = file.xib; name = Base; path = Base.lproj/LaunchScreen.xib; sourceTree = "<group>"; };
		B946B0D81AB4A10100D0A599 /* Images.xcassets */ = {isa = PBXFileReference; lastKnownFileType = folder.assetcatalog; path = Images.xcassets; sourceTree = "<group>"; };
		B946B0D91AB4A10100D0A599 /* Info.plist */ = {isa = PBXFileReference; fileEncoding = 4; lastKnownFileType = text.plist.xml; path = Info.plist; sourceTree = "<group>"; };
		B946B0E11AB4A10B00D0A599 /* AgeViewModelSpec.swift */ = {isa = PBXFileReference; fileEncoding = 4; lastKnownFileType = sourcecode.swift; path = AgeViewModelSpec.swift; sourceTree = "<group>"; };
		B946B0E31AB4A10B00D0A599 /* Info.plist */ = {isa = PBXFileReference; fileEncoding = 4; lastKnownFileType = text.plist.xml; path = Info.plist; sourceTree = "<group>"; };
		B946B1001AB4A94F00D0A599 /* BirthdayViewController.swift */ = {isa = PBXFileReference; fileEncoding = 4; lastKnownFileType = sourcecode.swift; path = BirthdayViewController.swift; sourceTree = "<group>"; };
		B9A7FD071AD7241800F59607 /* BirthdayViewModel.swift */ = {isa = PBXFileReference; fileEncoding = 4; lastKnownFileType = sourcecode.swift; name = BirthdayViewModel.swift; path = "Age/Classes/View Models/BirthdayViewModel.swift"; sourceTree = SOURCE_ROOT; };
		B9A7FD091AD7282300F59607 /* BirthdayViewModelSpec.swift */ = {isa = PBXFileReference; fileEncoding = 4; lastKnownFileType = sourcecode.swift; path = BirthdayViewModelSpec.swift; sourceTree = "<group>"; };
		B9B827881AD476BE0083974B /* AgeViewModel.swift */ = {isa = PBXFileReference; fileEncoding = 4; lastKnownFileType = sourcecode.swift; name = AgeViewModel.swift; path = "Age/Classes/View Models/AgeViewModel.swift"; sourceTree = SOURCE_ROOT; };
		B9C7ED3C1AB7818700A78482 /* BirthdayView.swift */ = {isa = PBXFileReference; fileEncoding = 4; lastKnownFileType = sourcecode.swift; name = BirthdayView.swift; path = Age/Classes/Views/BirthdayView.swift; sourceTree = "<group>"; };
/* End PBXFileReference section */

/* Begin PBXFrameworksBuildPhase section */
		B946B0A71AB4A01300D0A599 /* Frameworks */ = {
			isa = PBXFrameworksBuildPhase;
			buildActionMask = 2147483647;
			files = (
			);
			runOnlyForDeploymentPostprocessing = 0;
		};
		B946B0BC1AB4A01300D0A599 /* Frameworks */ = {
			isa = PBXFrameworksBuildPhase;
			buildActionMask = 2147483647;
			files = (
				7449D66262990B4AB9C861CF /* Pods_AgeTests.framework in Frameworks */,
			);
			runOnlyForDeploymentPostprocessing = 0;
		};
/* End PBXFrameworksBuildPhase section */

/* Begin PBXGroup section */
		631C12AC42CAA712EFCB8DF7 /* Pods */ = {
			isa = PBXGroup;
			children = (
				75BA41C716111D3837EB2254 /* Pods-AgeTests.debug.xcconfig */,
				136B38BCFA6E57D6C6C29274 /* Pods-AgeTests.release.xcconfig */,
			);
			name = Pods;
			sourceTree = "<group>";
		};
		B946B0A11AB4A01300D0A599 = {
			isa = PBXGroup;
			children = (
				B946B0CF1AB4A10100D0A599 /* Age */,
				B946B0DF1AB4A10B00D0A599 /* AgeTests */,
				B946B0AB1AB4A01300D0A599 /* Products */,
				631C12AC42CAA712EFCB8DF7 /* Pods */,
				D146B013C28A2E567460661B /* Frameworks */,
			);
			sourceTree = "<group>";
		};
		B946B0AB1AB4A01300D0A599 /* Products */ = {
			isa = PBXGroup;
			children = (
				B946B0AA1AB4A01300D0A599 /* Age.app */,
				B946B0BF1AB4A01300D0A599 /* AgeTests.xctest */,
			);
			name = Products;
			sourceTree = "<group>";
		};
		B946B0CF1AB4A10100D0A599 /* Age */ = {
			isa = PBXGroup;
			children = (
				B946B0D01AB4A10100D0A599 /* Classes */,
				B946B0D51AB4A10100D0A599 /* Resources */,
			);
			path = Age;
			sourceTree = "<group>";
		};
		B946B0D01AB4A10100D0A599 /* Classes */ = {
			isa = PBXGroup;
			children = (
				B946B0D11AB4A10100D0A599 /* Application */,
				B946B0D31AB4A10100D0A599 /* View Controllers */,
				B9B8278A1AD477940083974B /* View Models */,
				B9C7ED3E1AB7818F00A78482 /* Views */,
			);
			path = Classes;
			sourceTree = "<group>";
		};
		B946B0D11AB4A10100D0A599 /* Application */ = {
			isa = PBXGroup;
			children = (
				B946B0D21AB4A10100D0A599 /* AppDelegate.swift */,
			);
			path = Application;
			sourceTree = "<group>";
		};
		B946B0D31AB4A10100D0A599 /* View Controllers */ = {
			isa = PBXGroup;
			children = (
				B946B0D41AB4A10100D0A599 /* AgeViewController.swift */,
				B946B1001AB4A94F00D0A599 /* BirthdayViewController.swift */,
			);
			path = "View Controllers";
			sourceTree = "<group>";
		};
		B946B0D51AB4A10100D0A599 /* Resources */ = {
			isa = PBXGroup;
			children = (
				B946B0D61AB4A10100D0A599 /* LaunchScreen.xib */,
				B946B0D81AB4A10100D0A599 /* Images.xcassets */,
				B946B0D91AB4A10100D0A599 /* Info.plist */,
			);
			path = Resources;
			sourceTree = "<group>";
		};
		B946B0DF1AB4A10B00D0A599 /* AgeTests */ = {
			isa = PBXGroup;
			children = (
				B946B0E01AB4A10B00D0A599 /* Classes */,
				B946B0E21AB4A10B00D0A599 /* Resources */,
			);
			path = AgeTests;
			sourceTree = "<group>";
		};
		B946B0E01AB4A10B00D0A599 /* Classes */ = {
			isa = PBXGroup;
			children = (
				B946B0E11AB4A10B00D0A599 /* AgeViewModelSpec.swift */,
				B9A7FD091AD7282300F59607 /* BirthdayViewModelSpec.swift */,
			);
			path = Classes;
			sourceTree = "<group>";
		};
		B946B0E21AB4A10B00D0A599 /* Resources */ = {
			isa = PBXGroup;
			children = (
				B946B0E31AB4A10B00D0A599 /* Info.plist */,
			);
			path = Resources;
			sourceTree = "<group>";
		};
		B9B8278A1AD477940083974B /* View Models */ = {
			isa = PBXGroup;
			children = (
				B9B827881AD476BE0083974B /* AgeViewModel.swift */,
				B9A7FD071AD7241800F59607 /* BirthdayViewModel.swift */,
			);
			name = "View Models";
			path = "View Controllers";
			sourceTree = "<group>";
		};
		B9C7ED3E1AB7818F00A78482 /* Views */ = {
			isa = PBXGroup;
			children = (
				B9C7ED3C1AB7818700A78482 /* BirthdayView.swift */,
			);
			name = Views;
			path = ../..;
			sourceTree = "<group>";
		};
		D146B013C28A2E567460661B /* Frameworks */ = {
			isa = PBXGroup;
			children = (
				5988AFF4CBA606F3CD78F3C8 /* Pods_AgeTests.framework */,
			);
			name = Frameworks;
			sourceTree = "<group>";
		};
/* End PBXGroup section */

/* Begin PBXNativeTarget section */
		B946B0A91AB4A01300D0A599 /* Age */ = {
			isa = PBXNativeTarget;
			buildConfigurationList = B946B0C91AB4A01300D0A599 /* Build configuration list for PBXNativeTarget "Age" */;
			buildPhases = (
				B946B0A61AB4A01300D0A599 /* Sources */,
				B946B0A71AB4A01300D0A599 /* Frameworks */,
				B946B0A81AB4A01300D0A599 /* Resources */,
			);
			buildRules = (
			);
			dependencies = (
			);
			name = Age;
			productName = Age;
			productReference = B946B0AA1AB4A01300D0A599 /* Age.app */;
			productType = "com.apple.product-type.application";
		};
		B946B0BE1AB4A01300D0A599 /* AgeTests */ = {
			isa = PBXNativeTarget;
			buildConfigurationList = B946B0CC1AB4A01300D0A599 /* Build configuration list for PBXNativeTarget "AgeTests" */;
			buildPhases = (
				F53A3CCE2A3EE3752BF3D8E4 /* Check Pods Manifest.lock */,
				B946B0BB1AB4A01300D0A599 /* Sources */,
				B946B0BC1AB4A01300D0A599 /* Frameworks */,
				B946B0BD1AB4A01300D0A599 /* Resources */,
				27E24243DFEC51628AC1433D /* Embed Pods Frameworks */,
				C0CEB94052CFAF42AD2B75CB /* Copy Pods Resources */,
			);
			buildRules = (
			);
			dependencies = (
				B946B0C11AB4A01300D0A599 /* PBXTargetDependency */,
			);
			name = AgeTests;
			productName = AgeTests;
			productReference = B946B0BF1AB4A01300D0A599 /* AgeTests.xctest */;
			productType = "com.apple.product-type.bundle.unit-test";
		};
/* End PBXNativeTarget section */

/* Begin PBXProject section */
		B946B0A21AB4A01300D0A599 /* Project object */ = {
			isa = PBXProject;
			attributes = {
				LastUpgradeCheck = 0630;
				ORGANIZATIONNAME = "Julian Grosshauser";
				TargetAttributes = {
					B946B0A91AB4A01300D0A599 = {
						CreatedOnToolsVersion = 6.3;
					};
					B946B0BE1AB4A01300D0A599 = {
						CreatedOnToolsVersion = 6.3;
						TestTargetID = B946B0A91AB4A01300D0A599;
					};
				};
			};
			buildConfigurationList = B946B0A51AB4A01300D0A599 /* Build configuration list for PBXProject "Age" */;
			compatibilityVersion = "Xcode 3.2";
			developmentRegion = English;
			hasScannedForEncodings = 0;
			knownRegions = (
				en,
				Base,
			);
			mainGroup = B946B0A11AB4A01300D0A599;
			productRefGroup = B946B0AB1AB4A01300D0A599 /* Products */;
			projectDirPath = "";
			projectRoot = "";
			targets = (
				B946B0A91AB4A01300D0A599 /* Age */,
				B946B0BE1AB4A01300D0A599 /* AgeTests */,
			);
		};
/* End PBXProject section */

/* Begin PBXResourcesBuildPhase section */
		B946B0A81AB4A01300D0A599 /* Resources */ = {
			isa = PBXResourcesBuildPhase;
			buildActionMask = 2147483647;
			files = (
				B946B0DC1AB4A10100D0A599 /* LaunchScreen.xib in Resources */,
				B946B0DD1AB4A10100D0A599 /* Images.xcassets in Resources */,
			);
			runOnlyForDeploymentPostprocessing = 0;
		};
		B946B0BD1AB4A01300D0A599 /* Resources */ = {
			isa = PBXResourcesBuildPhase;
			buildActionMask = 2147483647;
			files = (
			);
			runOnlyForDeploymentPostprocessing = 0;
		};
/* End PBXResourcesBuildPhase section */

/* Begin PBXShellScriptBuildPhase section */
		27E24243DFEC51628AC1433D /* Embed Pods Frameworks */ = {
			isa = PBXShellScriptBuildPhase;
			buildActionMask = 2147483647;
			files = (
			);
			inputPaths = (
			);
			name = "Embed Pods Frameworks";
			outputPaths = (
			);
			runOnlyForDeploymentPostprocessing = 0;
			shellPath = /bin/sh;
			shellScript = "\"${SRCROOT}/Pods/Target Support Files/Pods-AgeTests/Pods-AgeTests-frameworks.sh\"\n";
			showEnvVarsInLog = 0;
		};
		C0CEB94052CFAF42AD2B75CB /* Copy Pods Resources */ = {
			isa = PBXShellScriptBuildPhase;
			buildActionMask = 2147483647;
			files = (
			);
			inputPaths = (
			);
			name = "Copy Pods Resources";
			outputPaths = (
			);
			runOnlyForDeploymentPostprocessing = 0;
			shellPath = /bin/sh;
			shellScript = "\"${SRCROOT}/Pods/Target Support Files/Pods-AgeTests/Pods-AgeTests-resources.sh\"\n";
			showEnvVarsInLog = 0;
		};
		F53A3CCE2A3EE3752BF3D8E4 /* Check Pods Manifest.lock */ = {
			isa = PBXShellScriptBuildPhase;
			buildActionMask = 2147483647;
			files = (
			);
			inputPaths = (
			);
			name = "Check Pods Manifest.lock";
			outputPaths = (
			);
			runOnlyForDeploymentPostprocessing = 0;
			shellPath = /bin/sh;
			shellScript = "diff \"${PODS_ROOT}/../Podfile.lock\" \"${PODS_ROOT}/Manifest.lock\" > /dev/null\nif [[ $? != 0 ]] ; then\n    cat << EOM\nerror: The sandbox is not in sync with the Podfile.lock. Run 'pod install' or update your CocoaPods installation.\nEOM\n    exit 1\nfi\n";
			showEnvVarsInLog = 0;
		};
/* End PBXShellScriptBuildPhase section */

/* Begin PBXSourcesBuildPhase section */
		B946B0A61AB4A01300D0A599 /* Sources */ = {
			isa = PBXSourcesBuildPhase;
			buildActionMask = 2147483647;
			files = (
				B946B0DB1AB4A10100D0A599 /* AgeViewController.swift in Sources */,
				B946B0DA1AB4A10100D0A599 /* AppDelegate.swift in Sources */,
				B946B1011AB4A94F00D0A599 /* BirthdayViewController.swift in Sources */,
				B9A7FD081AD7241800F59607 /* BirthdayViewModel.swift in Sources */,
				B9B827891AD476BE0083974B /* AgeViewModel.swift in Sources */,
				B9C7ED3D1AB7818700A78482 /* BirthdayView.swift in Sources */,
			);
			runOnlyForDeploymentPostprocessing = 0;
		};
		B946B0BB1AB4A01300D0A599 /* Sources */ = {
			isa = PBXSourcesBuildPhase;
			buildActionMask = 2147483647;
			files = (
				B9A7FD0A1AD7282300F59607 /* BirthdayViewModelSpec.swift in Sources */,
				B946B0E41AB4A10B00D0A599 /* AgeViewModelSpec.swift in Sources */,
			);
			runOnlyForDeploymentPostprocessing = 0;
		};
/* End PBXSourcesBuildPhase section */

/* Begin PBXTargetDependency section */
		B946B0C11AB4A01300D0A599 /* PBXTargetDependency */ = {
			isa = PBXTargetDependency;
			target = B946B0A91AB4A01300D0A599 /* Age */;
			targetProxy = B946B0C01AB4A01300D0A599 /* PBXContainerItemProxy */;
		};
/* End PBXTargetDependency section */

/* Begin PBXVariantGroup section */
		B946B0D61AB4A10100D0A599 /* LaunchScreen.xib */ = {
			isa = PBXVariantGroup;
			children = (
				B946B0D71AB4A10100D0A599 /* Base */,
			);
			name = LaunchScreen.xib;
			sourceTree = "<group>";
		};
/* End PBXVariantGroup section */

/* Begin XCBuildConfiguration section */
		B946B0C71AB4A01300D0A599 /* Debug */ = {
			isa = XCBuildConfiguration;
			buildSettings = {
				ALWAYS_SEARCH_USER_PATHS = NO;
				CLANG_CXX_LANGUAGE_STANDARD = "gnu++0x";
				CLANG_CXX_LIBRARY = "libc++";
				CLANG_ENABLE_MODULES = YES;
				CLANG_ENABLE_OBJC_ARC = YES;
				CLANG_WARN_BOOL_CONVERSION = YES;
				CLANG_WARN_CONSTANT_CONVERSION = YES;
				CLANG_WARN_DIRECT_OBJC_ISA_USAGE = YES_ERROR;
				CLANG_WARN_EMPTY_BODY = YES;
				CLANG_WARN_ENUM_CONVERSION = YES;
				CLANG_WARN_INT_CONVERSION = YES;
				CLANG_WARN_OBJC_ROOT_CLASS = YES_ERROR;
				CLANG_WARN_UNREACHABLE_CODE = YES;
				CLANG_WARN__DUPLICATE_METHOD_MATCH = YES;
				"CODE_SIGN_IDENTITY[sdk=iphoneos*]" = "iPhone Developer";
				COPY_PHASE_STRIP = NO;
				DEBUG_INFORMATION_FORMAT = dwarf;
				ENABLE_STRICT_OBJC_MSGSEND = YES;
				GCC_C_LANGUAGE_STANDARD = gnu99;
				GCC_DYNAMIC_NO_PIC = NO;
				GCC_NO_COMMON_BLOCKS = YES;
				GCC_OPTIMIZATION_LEVEL = 0;
				GCC_PREPROCESSOR_DEFINITIONS = (
					"DEBUG=1",
					"$(inherited)",
				);
				GCC_SYMBOLS_PRIVATE_EXTERN = NO;
				GCC_WARN_64_TO_32_BIT_CONVERSION = YES;
				GCC_WARN_ABOUT_RETURN_TYPE = YES_ERROR;
				GCC_WARN_UNDECLARED_SELECTOR = YES;
				GCC_WARN_UNINITIALIZED_AUTOS = YES_AGGRESSIVE;
				GCC_WARN_UNUSED_FUNCTION = YES;
				GCC_WARN_UNUSED_VARIABLE = YES;
				IPHONEOS_DEPLOYMENT_TARGET = 8.3;
				MTL_ENABLE_DEBUG_INFO = YES;
				ONLY_ACTIVE_ARCH = YES;
				SDKROOT = iphoneos;
				SWIFT_OPTIMIZATION_LEVEL = "-Onone";
				TARGETED_DEVICE_FAMILY = "1,2";
			};
			name = Debug;
		};
		B946B0C81AB4A01300D0A599 /* Release */ = {
			isa = XCBuildConfiguration;
			buildSettings = {
				ALWAYS_SEARCH_USER_PATHS = NO;
				CLANG_CXX_LANGUAGE_STANDARD = "gnu++0x";
				CLANG_CXX_LIBRARY = "libc++";
				CLANG_ENABLE_MODULES = YES;
				CLANG_ENABLE_OBJC_ARC = YES;
				CLANG_WARN_BOOL_CONVERSION = YES;
				CLANG_WARN_CONSTANT_CONVERSION = YES;
				CLANG_WARN_DIRECT_OBJC_ISA_USAGE = YES_ERROR;
				CLANG_WARN_EMPTY_BODY = YES;
				CLANG_WARN_ENUM_CONVERSION = YES;
				CLANG_WARN_INT_CONVERSION = YES;
				CLANG_WARN_OBJC_ROOT_CLASS = YES_ERROR;
				CLANG_WARN_UNREACHABLE_CODE = YES;
				CLANG_WARN__DUPLICATE_METHOD_MATCH = YES;
				"CODE_SIGN_IDENTITY[sdk=iphoneos*]" = "iPhone Developer";
				COPY_PHASE_STRIP = NO;
				DEBUG_INFORMATION_FORMAT = "dwarf-with-dsym";
				ENABLE_NS_ASSERTIONS = NO;
				ENABLE_STRICT_OBJC_MSGSEND = YES;
				GCC_C_LANGUAGE_STANDARD = gnu99;
				GCC_NO_COMMON_BLOCKS = YES;
				GCC_WARN_64_TO_32_BIT_CONVERSION = YES;
				GCC_WARN_ABOUT_RETURN_TYPE = YES_ERROR;
				GCC_WARN_UNDECLARED_SELECTOR = YES;
				GCC_WARN_UNINITIALIZED_AUTOS = YES_AGGRESSIVE;
				GCC_WARN_UNUSED_FUNCTION = YES;
				GCC_WARN_UNUSED_VARIABLE = YES;
				IPHONEOS_DEPLOYMENT_TARGET = 8.3;
				MTL_ENABLE_DEBUG_INFO = NO;
				SDKROOT = iphoneos;
				TARGETED_DEVICE_FAMILY = "1,2";
				VALIDATE_PRODUCT = YES;
			};
			name = Release;
		};
		B946B0CA1AB4A01300D0A599 /* Debug */ = {
			isa = XCBuildConfiguration;
			buildSettings = {
				ASSETCATALOG_COMPILER_APPICON_NAME = AppIcon;
				INFOPLIST_FILE = Age/Resources/Info.plist;
				LD_RUNPATH_SEARCH_PATHS = "$(inherited) @executable_path/Frameworks";
				PRODUCT_NAME = "$(TARGET_NAME)";
			};
			name = Debug;
		};
		B946B0CB1AB4A01300D0A599 /* Release */ = {
			isa = XCBuildConfiguration;
			buildSettings = {
				ASSETCATALOG_COMPILER_APPICON_NAME = AppIcon;
				INFOPLIST_FILE = Age/Resources/Info.plist;
				LD_RUNPATH_SEARCH_PATHS = "$(inherited) @executable_path/Frameworks";
				PRODUCT_NAME = "$(TARGET_NAME)";
			};
			name = Release;
		};
		B946B0CD1AB4A01300D0A599 /* Debug */ = {
			isa = XCBuildConfiguration;
			baseConfigurationReference = 75BA41C716111D3837EB2254 /* Pods-AgeTests.debug.xcconfig */;
			buildSettings = {
				BUNDLE_LOADER = "$(TEST_HOST)";
				FRAMEWORK_SEARCH_PATHS = (
					"$(SDKROOT)/Developer/Library/Frameworks",
					"$(inherited)",
				);
				GCC_PREPROCESSOR_DEFINITIONS = (
					"DEBUG=1",
					"$(inherited)",
				);
				INFOPLIST_FILE = AgeTests/Resources/Info.plist;
				LD_RUNPATH_SEARCH_PATHS = "$(inherited) @executable_path/Frameworks @loader_path/Frameworks";
				PRODUCT_NAME = "$(TARGET_NAME)";
				TEST_HOST = "$(BUILT_PRODUCTS_DIR)/Age.app/Age";
			};
			name = Debug;
		};
		B946B0CE1AB4A01300D0A599 /* Release */ = {
			isa = XCBuildConfiguration;
			baseConfigurationReference = 136B38BCFA6E57D6C6C29274 /* Pods-AgeTests.release.xcconfig */;
			buildSettings = {
				BUNDLE_LOADER = "$(TEST_HOST)";
				FRAMEWORK_SEARCH_PATHS = (
					"$(SDKROOT)/Developer/Library/Frameworks",
					"$(inherited)",
				);
				INFOPLIST_FILE = AgeTests/Resources/Info.plist;
				LD_RUNPATH_SEARCH_PATHS = "$(inherited) @executable_path/Frameworks @loader_path/Frameworks";
				PRODUCT_NAME = "$(TARGET_NAME)";
				TEST_HOST = "$(BUILT_PRODUCTS_DIR)/Age.app/Age";
			};
			name = Release;
		};
/* End XCBuildConfiguration section */

/* Begin XCConfigurationList section */
		B946B0A51AB4A01300D0A599 /* Build configuration list for PBXProject "Age" */ = {
			isa = XCConfigurationList;
			buildConfigurations = (
				B946B0C71AB4A01300D0A599 /* Debug */,
				B946B0C81AB4A01300D0A599 /* Release */,
			);
			defaultConfigurationIsVisible = 0;
			defaultConfigurationName = Release;
		};
		B946B0C91AB4A01300D0A599 /* Build configuration list for PBXNativeTarget "Age" */ = {
			isa = XCConfigurationList;
			buildConfigurations = (
				B946B0CA1AB4A01300D0A599 /* Debug */,
				B946B0CB1AB4A01300D0A599 /* Release */,
			);
			defaultConfigurationIsVisible = 0;
			defaultConfigurationName = Release;
		};
		B946B0CC1AB4A01300D0A599 /* Build configuration list for PBXNativeTarget "AgeTests" */ = {
			isa = XCConfigurationList;
			buildConfigurations = (
				B946B0CD1AB4A01300D0A599 /* Debug */,
				B946B0CE1AB4A01300D0A599 /* Release */,
			);
			defaultConfigurationIsVisible = 0;
			defaultConfigurationName = Release;
		};
/* End XCConfigurationList section */
	};
	rootObject = B946B0A21AB4A01300D0A599 /* Project object */;
}
